
Microsoft Visual Studio Solution File, Format Version 12.00
# Visual Studio Version 17
VisualStudioVersion = 17.1.32319.34
MinimumVisualStudioVersion = 10.0.40219.1
Project("{9A19103F-16F7-4668-BE54-9A1E7A4F7556}") = "Winium.Elements", "Winium.Elements.Desktop\Winium.Elements.csproj", "{D099B616-CF57-426B-B055-45B0A290CCB5}"
EndProject
Global
	GlobalSection(SolutionConfigurationPlatforms) = preSolution
		Debug|Any CPU = Debug|Any CPU
		Release|Any CPU = Release|Any CPU
	EndGlobalSection
	GlobalSection(ProjectConfigurationPlatforms) = postSolution
		{D099B616-CF57-426B-B055-45B0A290CCB5}.Debug|Any CPU.ActiveCfg = Debug|Any CPU
		{D099B616-CF57-426B-B055-45B0A290CCB5}.Debug|Any CPU.Build.0 = Debug|Any CPU
		{D099B616-CF57-426B-B055-45B0A290CCB5}.Release|Any CPU.ActiveCfg = Release|Any CPU
		{D099B616-CF57-426B-B055-45B0A290CCB5}.Release|Any CPU.Build.0 = Release|Any CPU
	EndGlobalSection
	GlobalSection(SolutionProperties) = preSolution
		HideSolutionNode = FALSE
	EndGlobalSection
	GlobalSection(ExtensibilityGlobals) = postSolution
		SolutionGuid = {10035A4B-BEF5-4CE3-9387-6E0F0964A0CC}
	EndGlobalSection
EndGlobal
